
Microsoft Visual Studio Solution File, Format Version 12.00
# Visual Studio Version 17
VisualStudioVersion = 17.10.35004.147
MinimumVisualStudioVersion = 10.0.40219.1
Project("{FAE04EC0-301F-11D3-BF4B-00C04F79EFBC}") = "LinkDev.IKEA.PL", "LinkDev.IKEA.PL\LinkDev.IKEA.PL.csproj", "{D6A15B94-6C4C-44AB-A897-1F8B4D7A89EB}"
EndProject
Project("{FAE04EC0-301F-11D3-BF4B-00C04F79EFBC}") = "LinkDev.IKEA.BLL", "LinkDev.IKEA.BLL\LinkDev.IKEA.BLL.csproj", "{BB0FB466-F96E-41CE-977B-A59E24EBD689}"
EndProject
Project("{FAE04EC0-301F-11D3-BF4B-00C04F79EFBC}") = "LinkDev.IKEA.DAL", "LinkDev.IKEA.DAL\LinkDev.IKEA.DAL.csproj", "{9C4AEB4C-FE6A-4921-A3D7-0D4FE80CED0D}"
EndProject
Global
	GlobalSection(SolutionConfigurationPlatforms) = preSolution
		Debug|Any CPU = Debug|Any CPU
		Release|Any CPU = Release|Any CPU
	EndGlobalSection
	GlobalSection(ProjectConfigurationPlatforms) = postSolution
		{D6A15B94-6C4C-44AB-A897-1F8B4D7A89EB}.Debug|Any CPU.ActiveCfg = Debug|Any CPU
		{D6A15B94-6C4C-44AB-A897-1F8B4D7A89EB}.Debug|Any CPU.Build.0 = Debug|Any CPU
		{D6A15B94-6C4C-44AB-A897-1F8B4D7A89EB}.Release|Any CPU.ActiveCfg = Release|Any CPU
		{D6A15B94-6C4C-44AB-A897-1F8B4D7A89EB}.Release|Any CPU.Build.0 = Release|Any CPU
		{BB0FB466-F96E-41CE-977B-A59E24EBD689}.Debug|Any CPU.ActiveCfg = Debug|Any CPU
		{BB0FB466-F96E-41CE-977B-A59E24EBD689}.Debug|Any CPU.Build.0 = Debug|Any CPU
		{BB0FB466-F96E-41CE-977B-A59E24EBD689}.Release|Any CPU.ActiveCfg = Release|Any CPU
		{BB0FB466-F96E-41CE-977B-A59E24EBD689}.Release|Any CPU.Build.0 = Release|Any CPU
		{9C4AEB4C-FE6A-4921-A3D7-0D4FE80CED0D}.Debug|Any CPU.ActiveCfg = Debug|Any CPU
		{9C4AEB4C-FE6A-4921-A3D7-0D4FE80CED0D}.Debug|Any CPU.Build.0 = Debug|Any CPU
		{9C4AEB4C-FE6A-4921-A3D7-0D4FE80CED0D}.Release|Any CPU.ActiveCfg = Release|Any CPU
		{9C4AEB4C-FE6A-4921-A3D7-0D4FE80CED0D}.Release|Any CPU.Build.0 = Release|Any CPU
	EndGlobalSection
	GlobalSection(SolutionProperties) = preSolution
		HideSolutionNode = FALSE
	EndGlobalSection
	GlobalSection(ExtensibilityGlobals) = postSolution
		SolutionGuid = {D631C328-79D5-4096-B2F5-F72F04844AA0}
	EndGlobalSection
EndGlobal
